{
    "_readme": [
        "This file locks the dependencies of your project to a known state",
        "Read more about it at https://getcomposer.org/doc/01-basic-usage.md#composer-lock-the-lock-file",
        "This file is @generated automatically"
    ],
    "content-hash": "4da3af9d3a38e20dc327b1dcb5ab202d",
    "packages": [
        {
            "name": "composer/installers",
            "version": "dev-master",
            "source": {
                "type": "git",
                "url": "https://github.com/composer/installers.git",
                "reference": "553b33c8cb50875b5a058627c57e34a9eddc36cf"
            },
            "dist": {
                "type": "zip",
                "url": "https://api.github.com/repos/composer/installers/zipball/553b33c8cb50875b5a058627c57e34a9eddc36cf",
                "reference": "553b33c8cb50875b5a058627c57e34a9eddc36cf",
                "shasum": ""
            },
            "require": {
                "composer-plugin-api": "^1.0"
            },
            "replace": {
                "roundcube/plugin-installer": "*",
                "shama/baton": "*"
            },
            "require-dev": {
                "composer/composer": "1.0.*@dev",
                "phpunit/phpunit": "4.1.*"
            },
            "type": "composer-plugin",
            "extra": {
                "class": "Composer\\Installers\\Plugin",
                "branch-alias": {
                    "dev-master": "1.0-dev"
                }
            },
            "autoload": {
                "psr-4": {
                    "Composer\\Installers\\": "src/Composer/Installers"
                }
            },
            "notification-url": "https://packagist.org/downloads/",
            "license": [
                "MIT"
            ],
            "authors": [
                {
                    "name": "Kyle Robinson Young",
                    "email": "kyle@dontkry.com",
                    "homepage": "https://github.com/shama"
                }
            ],
            "description": "A multi-framework Composer library installer",
            "homepage": "https://composer.github.io/installers/",
            "keywords": [
                "Craft",
                "Dolibarr",
                "Eliasis",
                "Hurad",
                "ImageCMS",
                "Kanboard",
                "MODX Evo",
                "Mautic",
                "Maya",
                "OXID",
                "Plentymarkets",
                "Porto",
                "RadPHP",
                "SMF",
                "Thelia",
                "WolfCMS",
                "agl",
                "aimeos",
                "annotatecms",
                "attogram",
                "bitrix",
                "cakephp",
                "chef",
                "cockpit",
                "codeigniter",
                "concrete5",
                "croogo",
                "dokuwiki",
                "drupal",
                "elgg",
                "expressionengine",
                "fuelphp",
                "grav",
                "installer",
                "itop",
                "joomla",
                "kohana",
                "laravel",
                "lavalite",
                "lithium",
                "magento",
                "mako",
                "mediawiki",
                "modulework",
                "moodle",
                "phpbb",
                "piwik",
                "ppi",
                "puppet",
                "reindex",
                "roundcube",
                "shopware",
                "silverstripe",
                "sydes",
                "symfony",
                "typo3",
                "wordpress",
                "yawik",
                "zend",
                "zikula"
            ],
            "time": "2017-07-04 09:46:55"
        },
        {
            "name": "md/annual-report-project",
            "version": "dev-master",
            "source": {
                "type": "git",
                "url": "https://github.com/StudentLifeMarketingAndDesign/annual-report-project.git",
                "reference": "69b0c7563a8f32d54734a6ade9a08e29b012dc85"
            },
            "dist": {
                "type": "zip",
                "url": "https://api.github.com/repos/StudentLifeMarketingAndDesign/annual-report-project/zipball/69b0c7563a8f32d54734a6ade9a08e29b012dc85",
                "reference": "69b0c7563a8f32d54734a6ade9a08e29b012dc85",
                "shasum": ""
            },
            "require": {
                "md/division-bar": "*",
                "php": ">=5.3.2",
                "silverstripe/cms": "3.6.1",
                "silverstripe/framework": "3.6.1",
                "silverstripe/tagfield": "*",
                "studiobonito/silverstripe-typekit": "*"
            },
            "type": "silverstripe-module",
            "description": "Division of Student Life Annual Report Project",
            "support": {
                "source": "https://github.com/StudentLifeMarketingAndDesign/annual-report-project/tree/master",
                "issues": "https://github.com/StudentLifeMarketingAndDesign/annual-report-project/issues"
            },
            "time": "2017-07-05 13:50:54"
        },
        {
            "name": "md/division-bar",
            "version": "dev-master",
            "source": {
                "type": "git",
                "url": "https://github.com/StudentLifeMarketingAndDesign/division-bar.git",
                "reference": "22913ca8e3e4398f3042a4c076da682f7d2550b7"
            },
            "dist": {
                "type": "zip",
                "url": "https://api.github.com/repos/StudentLifeMarketingAndDesign/division-bar/zipball/22913ca8e3e4398f3042a4c076da682f7d2550b7",
                "reference": "22913ca8e3e4398f3042a4c076da682f7d2550b7",
                "shasum": ""
            },
            "require": {
                "php": ">=5.3.2",
                "silverstripe/cms": "3.*",
                "silverstripe/framework": "3.*"
            },
            "type": "silverstripe-module",
            "extra": {
                "branch-alias": {
                    "dev-master": "0.1.x-dev"
                }
            },
            "description": "The University of Iowa Division of Student Life Bar",
            "support": {
                "source": "https://github.com/StudentLifeMarketingAndDesign/division-bar/tree/master",
                "issues": "https://github.com/StudentLifeMarketingAndDesign/division-bar/issues"
            },
            "time": "2016-10-14 20:47:47"
        },
        {
            "name": "silverstripe/cms",
            "version": "3.6.1",
            "source": {
                "type": "git",
                "url": "https://github.com/silverstripe/silverstripe-cms.git",
                "reference": "05bb2fef1b246bfeb47d6dd0f9e19074a4135b34"
            },
            "dist": {
                "type": "zip",
                "url": "https://api.github.com/repos/silverstripe/silverstripe-cms/zipball/05bb2fef1b246bfeb47d6dd0f9e19074a4135b34",
                "reference": "05bb2fef1b246bfeb47d6dd0f9e19074a4135b34",
                "shasum": ""
            },
            "require": {
                "composer/installers": "*",
                "php": ">=5.3.3",
                "silverstripe/framework": "~3.4",
                "silverstripe/reports": "~3.4",
                "silverstripe/siteconfig": "~3.4"
            },
            "type": "silverstripe-module",
            "extra": {
                "branch-alias": {
                    "3.x-dev": "3.6.x-dev"
                }
            },
            "autoload": {
                "classmap": [
                    "tests/behat/"
                ]
            },
            "notification-url": "https://packagist.org/downloads/",
            "license": [
                "BSD-3-Clause"
            ],
            "authors": [
                {
                    "name": "SilverStripe",
                    "homepage": "http://silverstripe.com"
                },
                {
                    "name": "The SilverStripe Community",
                    "homepage": "http://silverstripe.org"
                }
            ],
            "description": "The SilverStripe Content Management System",
            "homepage": "http://silverstripe.org",
            "keywords": [
                "cms",
                "silverstripe"
            ],
            "time": "2017-06-15T11:50:49+00:00"
        },
        {
            "name": "silverstripe/framework",
            "version": "3.6.1",
            "source": {
                "type": "git",
                "url": "https://github.com/silverstripe/silverstripe-framework.git",
                "reference": "ddff7c5dad117e49a40a3cfe1c16db84fd9b5016"
            },
            "dist": {
                "type": "zip",
                "url": "https://api.github.com/repos/silverstripe/silverstripe-framework/zipball/ddff7c5dad117e49a40a3cfe1c16db84fd9b5016",
                "reference": "ddff7c5dad117e49a40a3cfe1c16db84fd9b5016",
                "shasum": ""
            },
            "require": {
                "composer/installers": "~1.0",
                "php": ">= 5.3.3, <7.2"
            },
            "require-dev": {
                "phpunit/phpunit": "~3.7"
            },
            "type": "silverstripe-module",
            "extra": {
                "branch-alias": {
                    "3.x-dev": "3.6.x-dev"
                }
            },
            "autoload": {
                "classmap": [
                    "tests/behat/features/bootstrap"
                ]
            },
            "notification-url": "https://packagist.org/downloads/",
            "license": [
                "BSD-3-Clause"
            ],
            "authors": [
                {
                    "name": "SilverStripe",
                    "homepage": "http://silverstripe.com"
                },
                {
                    "name": "The SilverStripe Community",
                    "homepage": "http://silverstripe.org"
                }
            ],
            "description": "The SilverStripe framework",
            "homepage": "http://silverstripe.org",
            "keywords": [
                "framework",
                "silverstripe"
            ],
            "time": "2017-06-27T11:48:16+00:00"
        },
        {
            "name": "silverstripe/reports",
            "version": "3.x-dev",
            "source": {
                "type": "git",
                "url": "https://github.com/silverstripe/silverstripe-reports.git",
                "reference": "76b59e74644c2274b0d59d84a27187b0b08d4c85"
            },
            "dist": {
                "type": "zip",
                "url": "https://api.github.com/repos/silverstripe/silverstripe-reports/zipball/76b59e74644c2274b0d59d84a27187b0b08d4c85",
                "reference": "76b59e74644c2274b0d59d84a27187b0b08d4c85",
                "shasum": ""
            },
            "require": {
                "php": ">=5.3.3,<7.2",
                "silverstripe/framework": "~3.3"
            },
            "require-dev": {
                "phpunit/phpunit": "~3.7"
            },
            "type": "silverstripe-module",
            "extra": {
                "branch-alias": {
                    "3.x-dev": "3.7.x-dev"
                }
            },
            "notification-url": "https://packagist.org/downloads/",
            "license": [
                "BSD-3-Clause"
            ],
            "authors": [
                {
                    "name": "SilverStripe",
                    "homepage": "http://silverstripe.com"
                },
                {
                    "name": "The SilverStripe Community",
                    "homepage": "http://silverstripe.org"
                }
            ],
            "description": "Reports module for SilverStripe CMS",
            "homepage": "http://silverstripe.org",
            "keywords": [
                "cms",
                "reports",
                "silverstripe"
            ],
            "time": "2017-06-27 12:17:31"
        },
        {
            "name": "silverstripe/siteconfig",
            "version": "3.x-dev",
            "source": {
                "type": "git",
                "url": "https://github.com/silverstripe/silverstripe-siteconfig.git",
                "reference": "8ddf53c57ef0af7e2bd763b3fd7717cf0c8c595c"
            },
            "dist": {
                "type": "zip",
                "url": "https://api.github.com/repos/silverstripe/silverstripe-siteconfig/zipball/8ddf53c57ef0af7e2bd763b3fd7717cf0c8c595c",
                "reference": "8ddf53c57ef0af7e2bd763b3fd7717cf0c8c595c",
                "shasum": ""
            },
            "require": {
                "silverstripe/framework": "*"
            },
            "type": "silverstripe-module",
            "extra": {
                "installer-name": "siteconfig",
                "branch-alias": {
                    "3.x-dev": "3.7.x-dev"
                }
            },
            "autoload": {
                "classmap": [
                    "tests/behat/"
                ]
            },
            "notification-url": "https://packagist.org/downloads/",
            "authors": [
                {
                    "name": "Will Rossiter",
                    "email": "will@fullscreen.io"
                }
            ],
            "description": "Site wide settings administration.",
            "keywords": [
                "silverstripe",
                "siteconfig"
            ],
            "time": "2017-06-27 12:19:29"
        },
        {
            "name": "silverstripe/tagfield",
            "version": "1.x-dev",
            "source": {
                "type": "git",
                "url": "https://github.com/silverstripe/silverstripe-tagfield.git",
                "reference": "b6077221ac92f86d4042428e8da29a92f567fa2c"
            },
            "dist": {
                "type": "zip",
                "url": "https://api.github.com/repos/silverstripe/silverstripe-tagfield/zipball/b6077221ac92f86d4042428e8da29a92f567fa2c",
                "reference": "b6077221ac92f86d4042428e8da29a92f567fa2c",
                "shasum": ""
            },
            "require": {
                "silverstripe/framework": "~3.1"
            },
            "type": "silverstripe-module",
            "extra": {
                "branch-alias": {
                    "1.x-dev": "1.4.x-dev"
                }
            },
            "notification-url": "https://packagist.org/downloads/",
            "license": [
                "BSD-3-Clause"
            ],
            "authors": [
                {
                    "name": "Christopher Pitt",
                    "email": "chris@silverstripe.com",
                    "homepage": "http://github.com/assertchris"
                }
            ],
            "description": "Tag field for Silverstripe",
            "keywords": [
                "field",
                "silverstripe",
                "tag"
            ],
            "time": "2017-03-30 16:11:29"
        },
        {
            "name": "studiobonito/silverstripe-typekit",
            "version": "1.0.0",
            "source": {
                "type": "git",
                "url": "https://github.com/StudentLifeMarketingAndDesign/silverstripe-typekit.git",
                "reference": "de3c0d75fc773f851455683adfce6254ca7cef80"
            },
            "dist": {
                "type": "zip",
                "url": "https://api.github.com/repos/StudentLifeMarketingAndDesign/silverstripe-typekit/zipball/de3c0d75fc773f851455683adfce6254ca7cef80",
                "reference": "de3c0d75fc773f851455683adfce6254ca7cef80",
                "shasum": ""
            },
            "type": "silverstripe-module",
            "autoload": {
                "psr-4": {
                    "StudioBonito\\SilverStripe\\TypeKit\\": "src/"
                }
            },
            "license": [
                "BSD-2-Clause"
            ],
            "authors": [
                {
                    "name": "Tom Densham",
                    "email": "tom.densham@studiobonito.co.uk"
                }
            ],
            "description": "Provide TypeKit integration for SilverStripe CMS.",
            "keywords": [
                "silverstripe",
                "typekit",
                "typography"
            ],
            "support": {
                "source": "https://github.com/StudentLifeMarketingAndDesign/silverstripe-typekit/tree/1.0.0"
            },
            "time": "2014-07-31T10:20:30+00:00"
        }
    ],
    "packages-dev": [],
    "aliases": [],
    "minimum-stability": "dev",
    "stability-flags": {
        "md/annual-report-project": 20
    },
    "prefer-stable": false,
    "prefer-lowest": false,
    "platform": {
        "php": ">=5.3.2"
    },
    "platform-dev": []
}
